
Microsoft Visual Studio Solution File, Format Version 12.00
# Visual Studio 15
VisualStudioVersion = 15.0.27130.2020
MinimumVisualStudioVersion = 10.0.40219.1
Project("{9A19103F-16F7-4668-BE54-9A1E7A4F7556}") = "Html2Amp", "Html2Amp\Html2Amp.csproj", "{E952387E-5B19-41C0-8615-FFCF249A894D}"
EndProject
Project("{9A19103F-16F7-4668-BE54-9A1E7A4F7556}") = "Html2Amp.UnitTests", "Html2Amp.UnitTests\Html2Amp.UnitTests.csproj", "{10911633-6F67-4CCA-B6D8-D9689EF1B8C1}"
EndProject
Project("{FAE04EC0-301F-11D3-BF4B-00C04F79EFBC}") = "Html2Amp.PerfTests", "Html2Amp.PerfTests\Html2Amp.PerfTests.csproj", "{4DCB1D14-7875-4C50-920D-EACE85F03F2B}"
EndProject
Global
	GlobalSection(SolutionConfigurationPlatforms) = preSolution
		Debug|Any CPU = Debug|Any CPU
		Release|Any CPU = Release|Any CPU
	EndGlobalSection
	GlobalSection(ProjectConfigurationPlatforms) = postSolution
		{E952387E-5B19-41C0-8615-FFCF249A894D}.Debug|Any CPU.ActiveCfg = Debug|Any CPU
		{E952387E-5B19-41C0-8615-FFCF249A894D}.Debug|Any CPU.Build.0 = Debug|Any CPU
		{E952387E-5B19-41C0-8615-FFCF249A894D}.Release|Any CPU.ActiveCfg = Release|Any CPU
		{E952387E-5B19-41C0-8615-FFCF249A894D}.Release|Any CPU.Build.0 = Release|Any CPU
		{10911633-6F67-4CCA-B6D8-D9689EF1B8C1}.Debug|Any CPU.ActiveCfg = Debug|Any CPU
		{10911633-6F67-4CCA-B6D8-D9689EF1B8C1}.Debug|Any CPU.Build.0 = Debug|Any CPU
		{10911633-6F67-4CCA-B6D8-D9689EF1B8C1}.Release|Any CPU.ActiveCfg = Release|Any CPU
		{10911633-6F67-4CCA-B6D8-D9689EF1B8C1}.Release|Any CPU.Build.0 = Release|Any CPU
		{4DCB1D14-7875-4C50-920D-EACE85F03F2B}.Debug|Any CPU.ActiveCfg = Debug|Any CPU
		{4DCB1D14-7875-4C50-920D-EACE85F03F2B}.Debug|Any CPU.Build.0 = Debug|Any CPU
		{4DCB1D14-7875-4C50-920D-EACE85F03F2B}.Release|Any CPU.ActiveCfg = Release|Any CPU
		{4DCB1D14-7875-4C50-920D-EACE85F03F2B}.Release|Any CPU.Build.0 = Release|Any CPU
	EndGlobalSection
	GlobalSection(SolutionProperties) = preSolution
		HideSolutionNode = FALSE
	EndGlobalSection
	GlobalSection(ExtensibilityGlobals) = postSolution
		SolutionGuid = {822F5849-97D5-443E-A5E5-A4EBF22C4591}
	EndGlobalSection
EndGlobal
